
Microsoft Visual Studio Solution File, Format Version 12.00
# Visual Studio 15
Project("{FAE04EC0-301F-11D3-BF4B-00C04F79EFBC}") = "Assembly-CSharp-firstpass", "Assembly-CSharp-firstpass.csproj", "{D194A4D5-7DCC-3901-1EB9-2D90A16239BC}"
EndProject
Project("{FAE04EC0-301F-11D3-BF4B-00C04F79EFBC}") = "Assembly-CSharp", "Assembly-CSharp.csproj", "{3710F13A-37D4-D58C-EF1A-41D44817C154}"
EndProject
Project("{FAE04EC0-301F-11D3-BF4B-00C04F79EFBC}") = "Assembly-CSharp-Editor", "Assembly-CSharp-Editor.csproj", "{482A5CC0-31CA-33C6-D67B-C527B73ABC1C}"
EndProject
Global
	GlobalSection(SolutionConfigurationPlatforms) = preSolution
		Debug|Any CPU = Debug|Any CPU
		Release|Any CPU = Release|Any CPU
	EndGlobalSection
	GlobalSection(ProjectConfigurationPlatforms) = postSolution
		{D194A4D5-7DCC-3901-1EB9-2D90A16239BC}.Debug|Any CPU.ActiveCfg = Debug|Any CPU
		{D194A4D5-7DCC-3901-1EB9-2D90A16239BC}.Debug|Any CPU.Build.0 = Debug|Any CPU
		{D194A4D5-7DCC-3901-1EB9-2D90A16239BC}.Release|Any CPU.ActiveCfg = Release|Any CPU
		{D194A4D5-7DCC-3901-1EB9-2D90A16239BC}.Release|Any CPU.Build.0 = Release|Any CPU
		{3710F13A-37D4-D58C-EF1A-41D44817C154}.Debug|Any CPU.ActiveCfg = Debug|Any CPU
		{3710F13A-37D4-D58C-EF1A-41D44817C154}.Debug|Any CPU.Build.0 = Debug|Any CPU
		{3710F13A-37D4-D58C-EF1A-41D44817C154}.Release|Any CPU.ActiveCfg = Release|Any CPU
		{3710F13A-37D4-D58C-EF1A-41D44817C154}.Release|Any CPU.Build.0 = Release|Any CPU
		{482A5CC0-31CA-33C6-D67B-C527B73ABC1C}.Debug|Any CPU.ActiveCfg = Debug|Any CPU
		{482A5CC0-31CA-33C6-D67B-C527B73ABC1C}.Debug|Any CPU.Build.0 = Debug|Any CPU
		{482A5CC0-31CA-33C6-D67B-C527B73ABC1C}.Release|Any CPU.ActiveCfg = Release|Any CPU
		{482A5CC0-31CA-33C6-D67B-C527B73ABC1C}.Release|Any CPU.Build.0 = Release|Any CPU
	EndGlobalSection
	GlobalSection(SolutionProperties) = preSolution
		HideSolutionNode = FALSE
	EndGlobalSection
EndGlobal
