
Microsoft Visual Studio Solution File, Format Version 12.00
# Visual Studio 15
Project("{FAE04EC0-301F-11D3-BF4B-00C04F79EFBC}") = "Mirror", "Mirror.csproj", "{1E8C7823-BE89-ACE7-525C-366F6DDC1013}"
EndProject
Project("{FAE04EC0-301F-11D3-BF4B-00C04F79EFBC}") = "Mirror.Components", "Mirror.Components.csproj", "{640F0142-D7BA-EE4E-8BB9-F6E73650954E}"
EndProject
Project("{FAE04EC0-301F-11D3-BF4B-00C04F79EFBC}") = "SimpleWebTransport", "SimpleWebTransport.csproj", "{A78FAF60-0A95-301A-E3D7-53B4733183FA}"
EndProject
Project("{FAE04EC0-301F-11D3-BF4B-00C04F79EFBC}") = "Mirror.Examples", "Mirror.Examples.csproj", "{CAAB02C5-A031-F7BD-0D48-16D7885305E8}"
EndProject
Project("{FAE04EC0-301F-11D3-BF4B-00C04F79EFBC}") = "kcp2k", "kcp2k.csproj", "{B3986958-1F90-3660-552A-FA4A9D0875DA}"
EndProject
Project("{FAE04EC0-301F-11D3-BF4B-00C04F79EFBC}") = "Telepathy", "Telepathy.csproj", "{BE911F94-61CC-6C0C-711C-6F800B2C8421}"
EndProject
Project("{FAE04EC0-301F-11D3-BF4B-00C04F79EFBC}") = "Mirror.Authenticators", "Mirror.Authenticators.csproj", "{762FC90E-92EB-4CE1-9A7B-B7144BD6411F}"
EndProject
Project("{FAE04EC0-301F-11D3-BF4B-00C04F79EFBC}") = "Assembly-CSharp", "Assembly-CSharp.csproj", "{C42DB3B7-64AC-2388-A3E6-1DB7CAED0860}"
EndProject
Project("{FAE04EC0-301F-11D3-BF4B-00C04F79EFBC}") = "where-allocations", "where-allocations.csproj", "{72113109-0A4F-82E0-E756-6C824E1B95E7}"
EndProject
Project("{FAE04EC0-301F-11D3-BF4B-00C04F79EFBC}") = "Unity.Mirror.CodeGen", "Unity.Mirror.CodeGen.csproj", "{412C8DB3-BD09-0CA2-20B2-AE57281CD36C}"
EndProject
Project("{FAE04EC0-301F-11D3-BF4B-00C04F79EFBC}") = "Mirror.Editor", "Mirror.Editor.csproj", "{17B6DD62-AA61-FAC8-A31B-C63A2621CECA}"
EndProject
Project("{FAE04EC0-301F-11D3-BF4B-00C04F79EFBC}") = "Mirror.CompilerSymbols", "Mirror.CompilerSymbols.csproj", "{79CCC035-4ABD-FA4A-BCD9-ADAF6735C9BE}"
EndProject
Global
	GlobalSection(SolutionConfigurationPlatforms) = preSolution
		Debug|Any CPU = Debug|Any CPU
		Release|Any CPU = Release|Any CPU
	EndGlobalSection
	GlobalSection(ProjectConfigurationPlatforms) = postSolution
		{1E8C7823-BE89-ACE7-525C-366F6DDC1013}.Debug|Any CPU.ActiveCfg = Debug|Any CPU
		{1E8C7823-BE89-ACE7-525C-366F6DDC1013}.Debug|Any CPU.Build.0 = Debug|Any CPU
		{1E8C7823-BE89-ACE7-525C-366F6DDC1013}.Release|Any CPU.ActiveCfg = Release|Any CPU
		{1E8C7823-BE89-ACE7-525C-366F6DDC1013}.Release|Any CPU.Build.0 = Release|Any CPU
		{640F0142-D7BA-EE4E-8BB9-F6E73650954E}.Debug|Any CPU.ActiveCfg = Debug|Any CPU
		{640F0142-D7BA-EE4E-8BB9-F6E73650954E}.Debug|Any CPU.Build.0 = Debug|Any CPU
		{640F0142-D7BA-EE4E-8BB9-F6E73650954E}.Release|Any CPU.ActiveCfg = Release|Any CPU
		{640F0142-D7BA-EE4E-8BB9-F6E73650954E}.Release|Any CPU.Build.0 = Release|Any CPU
		{A78FAF60-0A95-301A-E3D7-53B4733183FA}.Debug|Any CPU.ActiveCfg = Debug|Any CPU
		{A78FAF60-0A95-301A-E3D7-53B4733183FA}.Debug|Any CPU.Build.0 = Debug|Any CPU
		{A78FAF60-0A95-301A-E3D7-53B4733183FA}.Release|Any CPU.ActiveCfg = Release|Any CPU
		{A78FAF60-0A95-301A-E3D7-53B4733183FA}.Release|Any CPU.Build.0 = Release|Any CPU
		{CAAB02C5-A031-F7BD-0D48-16D7885305E8}.Debug|Any CPU.ActiveCfg = Debug|Any CPU
		{CAAB02C5-A031-F7BD-0D48-16D7885305E8}.Debug|Any CPU.Build.0 = Debug|Any CPU
		{CAAB02C5-A031-F7BD-0D48-16D7885305E8}.Release|Any CPU.ActiveCfg = Release|Any CPU
		{CAAB02C5-A031-F7BD-0D48-16D7885305E8}.Release|Any CPU.Build.0 = Release|Any CPU
		{B3986958-1F90-3660-552A-FA4A9D0875DA}.Debug|Any CPU.ActiveCfg = Debug|Any CPU
		{B3986958-1F90-3660-552A-FA4A9D0875DA}.Debug|Any CPU.Build.0 = Debug|Any CPU
		{B3986958-1F90-3660-552A-FA4A9D0875DA}.Release|Any CPU.ActiveCfg = Release|Any CPU
		{B3986958-1F90-3660-552A-FA4A9D0875DA}.Release|Any CPU.Build.0 = Release|Any CPU
		{BE911F94-61CC-6C0C-711C-6F800B2C8421}.Debug|Any CPU.ActiveCfg = Debug|Any CPU
		{BE911F94-61CC-6C0C-711C-6F800B2C8421}.Debug|Any CPU.Build.0 = Debug|Any CPU
		{BE911F94-61CC-6C0C-711C-6F800B2C8421}.Release|Any CPU.ActiveCfg = Release|Any CPU
		{BE911F94-61CC-6C0C-711C-6F800B2C8421}.Release|Any CPU.Build.0 = Release|Any CPU
		{762FC90E-92EB-4CE1-9A7B-B7144BD6411F}.Debug|Any CPU.ActiveCfg = Debug|Any CPU
		{762FC90E-92EB-4CE1-9A7B-B7144BD6411F}.Debug|Any CPU.Build.0 = Debug|Any CPU
		{762FC90E-92EB-4CE1-9A7B-B7144BD6411F}.Release|Any CPU.ActiveCfg = Release|Any CPU
		{762FC90E-92EB-4CE1-9A7B-B7144BD6411F}.Release|Any CPU.Build.0 = Release|Any CPU
		{C42DB3B7-64AC-2388-A3E6-1DB7CAED0860}.Debug|Any CPU.ActiveCfg = Debug|Any CPU
		{C42DB3B7-64AC-2388-A3E6-1DB7CAED0860}.Debug|Any CPU.Build.0 = Debug|Any CPU
		{C42DB3B7-64AC-2388-A3E6-1DB7CAED0860}.Release|Any CPU.ActiveCfg = Release|Any CPU
		{C42DB3B7-64AC-2388-A3E6-1DB7CAED0860}.Release|Any CPU.Build.0 = Release|Any CPU
		{72113109-0A4F-82E0-E756-6C824E1B95E7}.Debug|Any CPU.ActiveCfg = Debug|Any CPU
		{72113109-0A4F-82E0-E756-6C824E1B95E7}.Debug|Any CPU.Build.0 = Debug|Any CPU
		{72113109-0A4F-82E0-E756-6C824E1B95E7}.Release|Any CPU.ActiveCfg = Release|Any CPU
		{72113109-0A4F-82E0-E756-6C824E1B95E7}.Release|Any CPU.Build.0 = Release|Any CPU
		{412C8DB3-BD09-0CA2-20B2-AE57281CD36C}.Debug|Any CPU.ActiveCfg = Debug|Any CPU
		{412C8DB3-BD09-0CA2-20B2-AE57281CD36C}.Debug|Any CPU.Build.0 = Debug|Any CPU
		{412C8DB3-BD09-0CA2-20B2-AE57281CD36C}.Release|Any CPU.ActiveCfg = Release|Any CPU
		{412C8DB3-BD09-0CA2-20B2-AE57281CD36C}.Release|Any CPU.Build.0 = Release|Any CPU
		{17B6DD62-AA61-FAC8-A31B-C63A2621CECA}.Debug|Any CPU.ActiveCfg = Debug|Any CPU
		{17B6DD62-AA61-FAC8-A31B-C63A2621CECA}.Debug|Any CPU.Build.0 = Debug|Any CPU
		{17B6DD62-AA61-FAC8-A31B-C63A2621CECA}.Release|Any CPU.ActiveCfg = Release|Any CPU
		{17B6DD62-AA61-FAC8-A31B-C63A2621CECA}.Release|Any CPU.Build.0 = Release|Any CPU
		{79CCC035-4ABD-FA4A-BCD9-ADAF6735C9BE}.Debug|Any CPU.ActiveCfg = Debug|Any CPU
		{79CCC035-4ABD-FA4A-BCD9-ADAF6735C9BE}.Debug|Any CPU.Build.0 = Debug|Any CPU
		{79CCC035-4ABD-FA4A-BCD9-ADAF6735C9BE}.Release|Any CPU.ActiveCfg = Release|Any CPU
		{79CCC035-4ABD-FA4A-BCD9-ADAF6735C9BE}.Release|Any CPU.Build.0 = Release|Any CPU
	EndGlobalSection
	GlobalSection(SolutionProperties) = preSolution
		HideSolutionNode = FALSE
	EndGlobalSection
EndGlobal
